
Microsoft Visual Studio Solution File, Format Version 12.00
# Visual Studio Version 17
VisualStudioVersion = 17.7.34202.233
MinimumVisualStudioVersion = 10.0.40219.1
Project("{FAE04EC0-301F-11D3-BF4B-00C04F79EFBC}") = "TheDailyRoutine", "TheDailyRoutine\TheDailyRoutine.csproj", "{15432048-B9C5-4175-AFB3-D130E4B9277F}"
EndProject
Global
	GlobalSection(SolutionConfigurationPlatforms) = preSolution
		Debug|Any CPU = Debug|Any CPU
		Release|Any CPU = Release|Any CPU
	EndGlobalSection
	GlobalSection(ProjectConfigurationPlatforms) = postSolution
		{15432048-B9C5-4175-AFB3-D130E4B9277F}.Debug|Any CPU.ActiveCfg = Debug|Any CPU
		{15432048-B9C5-4175-AFB3-D130E4B9277F}.Debug|Any CPU.Build.0 = Debug|Any CPU
		{15432048-B9C5-4175-AFB3-D130E4B9277F}.Release|Any CPU.ActiveCfg = Release|Any CPU
		{15432048-B9C5-4175-AFB3-D130E4B9277F}.Release|Any CPU.Build.0 = Release|Any CPU
	EndGlobalSection
	GlobalSection(SolutionProperties) = preSolution
		HideSolutionNode = FALSE
	EndGlobalSection
	GlobalSection(ExtensibilityGlobals) = postSolution
		SolutionGuid = {489287F6-9FE4-4671-8579-2CEC0EE546B9}
	EndGlobalSection
EndGlobal
